
Microsoft Visual Studio Solution File, Format Version 12.00
# Visual Studio 2013
VisualStudioVersion = 12.0.30110.0
MinimumVisualStudioVersion = 10.0.40219.1
Project("{FAE04EC0-301F-11D3-BF4B-00C04F79EFBC}") = "NExp.Web", "NExp.Web\NExp.Web.csproj", "{5C2F5157-D201-4639-8F3B-AFB67D3EF017}"
EndProject
Project("{FAE04EC0-301F-11D3-BF4B-00C04F79EFBC}") = "NExp.Model", "NExp.Model\NExp.Model.csproj", "{E757DDCD-4F89-4A84-918D-A38C0824E374}"
EndProject
Project("{FAE04EC0-301F-11D3-BF4B-00C04F79EFBC}") = "NExp.Services", "NExp.Services\NExp.Services.csproj", "{3F9719C1-AD99-4033-83F2-F730114E83D4}"
EndProject
Project("{FAE04EC0-301F-11D3-BF4B-00C04F79EFBC}") = "NExp.Framework", "NExp.Framework\NExp.Framework.csproj", "{C2F6D512-BE6F-42F3-BE6A-0870F2439CC4}"
EndProject
Project("{FAE04EC0-301F-11D3-BF4B-00C04F79EFBC}") = "NExp.Core", "NExp.Core\NExp.Core.csproj", "{5F2096CD-4A16-4ECA-A385-1F6B2C092B26}"
EndProject
Project("{FAE04EC0-301F-11D3-BF4B-00C04F79EFBC}") = "NExp.IServices", "NExp.IServices\NExp.IServices.csproj", "{09CA7F96-C993-419F-8E3D-39E093EE0228}"
EndProject
Project("{FAE04EC0-301F-11D3-BF4B-00C04F79EFBC}") = "NExp.Web.Common", "NExp.Web.Common\NExp.Web.Common.csproj", "{F5C1ED40-0164-46C2-8909-C9CCEDC84680}"
EndProject
Global
	GlobalSection(SolutionConfigurationPlatforms) = preSolution
		Debug|Any CPU = Debug|Any CPU
		Release|Any CPU = Release|Any CPU
	EndGlobalSection
	GlobalSection(ProjectConfigurationPlatforms) = postSolution
		{5C2F5157-D201-4639-8F3B-AFB67D3EF017}.Debug|Any CPU.ActiveCfg = Debug|Any CPU
		{5C2F5157-D201-4639-8F3B-AFB67D3EF017}.Debug|Any CPU.Build.0 = Debug|Any CPU
		{5C2F5157-D201-4639-8F3B-AFB67D3EF017}.Release|Any CPU.ActiveCfg = Release|Any CPU
		{5C2F5157-D201-4639-8F3B-AFB67D3EF017}.Release|Any CPU.Build.0 = Release|Any CPU
		{E757DDCD-4F89-4A84-918D-A38C0824E374}.Debug|Any CPU.ActiveCfg = Debug|Any CPU
		{E757DDCD-4F89-4A84-918D-A38C0824E374}.Debug|Any CPU.Build.0 = Debug|Any CPU
		{E757DDCD-4F89-4A84-918D-A38C0824E374}.Release|Any CPU.ActiveCfg = Release|Any CPU
		{E757DDCD-4F89-4A84-918D-A38C0824E374}.Release|Any CPU.Build.0 = Release|Any CPU
		{3F9719C1-AD99-4033-83F2-F730114E83D4}.Debug|Any CPU.ActiveCfg = Debug|Any CPU
		{3F9719C1-AD99-4033-83F2-F730114E83D4}.Debug|Any CPU.Build.0 = Debug|Any CPU
		{3F9719C1-AD99-4033-83F2-F730114E83D4}.Release|Any CPU.ActiveCfg = Release|Any CPU
		{3F9719C1-AD99-4033-83F2-F730114E83D4}.Release|Any CPU.Build.0 = Release|Any CPU
		{C2F6D512-BE6F-42F3-BE6A-0870F2439CC4}.Debug|Any CPU.ActiveCfg = Debug|Any CPU
		{C2F6D512-BE6F-42F3-BE6A-0870F2439CC4}.Debug|Any CPU.Build.0 = Debug|Any CPU
		{C2F6D512-BE6F-42F3-BE6A-0870F2439CC4}.Release|Any CPU.ActiveCfg = Release|Any CPU
		{C2F6D512-BE6F-42F3-BE6A-0870F2439CC4}.Release|Any CPU.Build.0 = Release|Any CPU
		{5F2096CD-4A16-4ECA-A385-1F6B2C092B26}.Debug|Any CPU.ActiveCfg = Debug|Any CPU
		{5F2096CD-4A16-4ECA-A385-1F6B2C092B26}.Debug|Any CPU.Build.0 = Debug|Any CPU
		{5F2096CD-4A16-4ECA-A385-1F6B2C092B26}.Release|Any CPU.ActiveCfg = Release|Any CPU
		{5F2096CD-4A16-4ECA-A385-1F6B2C092B26}.Release|Any CPU.Build.0 = Release|Any CPU
		{09CA7F96-C993-419F-8E3D-39E093EE0228}.Debug|Any CPU.ActiveCfg = Debug|Any CPU
		{09CA7F96-C993-419F-8E3D-39E093EE0228}.Debug|Any CPU.Build.0 = Debug|Any CPU
		{09CA7F96-C993-419F-8E3D-39E093EE0228}.Release|Any CPU.ActiveCfg = Release|Any CPU
		{09CA7F96-C993-419F-8E3D-39E093EE0228}.Release|Any CPU.Build.0 = Release|Any CPU
		{F5C1ED40-0164-46C2-8909-C9CCEDC84680}.Debug|Any CPU.ActiveCfg = Debug|Any CPU
		{F5C1ED40-0164-46C2-8909-C9CCEDC84680}.Debug|Any CPU.Build.0 = Debug|Any CPU
		{F5C1ED40-0164-46C2-8909-C9CCEDC84680}.Release|Any CPU.ActiveCfg = Release|Any CPU
		{F5C1ED40-0164-46C2-8909-C9CCEDC84680}.Release|Any CPU.Build.0 = Release|Any CPU
	EndGlobalSection
	GlobalSection(SolutionProperties) = preSolution
		HideSolutionNode = FALSE
	EndGlobalSection
EndGlobal
